// !$*UTF8*$!
{
	archiveVersion = 1;
	classes = {
	};
	objectVersion = 55;
	objects = {

/* Begin PBXBuildFile section */
		B8386AE728B43011005428DE /* AppDelegate.swift in Sources */ = {isa = PBXBuildFile; fileRef = B8386AE628B43011005428DE /* AppDelegate.swift */; };
		B8386AE928B43011005428DE /* SceneDelegate.swift in Sources */ = {isa = PBXBuildFile; fileRef = B8386AE828B43011005428DE /* SceneDelegate.swift */; };
		B8386AEB28B43011005428DE /* ViewController.swift in Sources */ = {isa = PBXBuildFile; fileRef = B8386AEA28B43011005428DE /* ViewController.swift */; };
		B8386AEE28B43011005428DE /* Main.storyboard in Resources */ = {isa = PBXBuildFile; fileRef = B8386AEC28B43011005428DE /* Main.storyboard */; };
		B8386AF128B43011005428DE /* Prueba.xcdatamodeld in Sources */ = {isa = PBXBuildFile; fileRef = B8386AEF28B43011005428DE /* Prueba.xcdatamodeld */; };
		B8386AF328B43012005428DE /* Assets.xcassets in Resources */ = {isa = PBXBuildFile; fileRef = B8386AF228B43012005428DE /* Assets.xcassets */; };
		B8386AF628B43012005428DE /* LaunchScreen.storyboard in Resources */ = {isa = PBXBuildFile; fileRef = B8386AF428B43012005428DE /* LaunchScreen.storyboard */; };
		B8386B0128B43012005428DE /* PruebaTests.swift in Sources */ = {isa = PBXBuildFile; fileRef = B8386B0028B43012005428DE /* PruebaTests.swift */; };
		B8386B0B28B43012005428DE /* PruebaUITests.swift in Sources */ = {isa = PBXBuildFile; fileRef = B8386B0A28B43012005428DE /* PruebaUITests.swift */; };
		B8386B0D28B43012005428DE /* PruebaUITestsLaunchTests.swift in Sources */ = {isa = PBXBuildFile; fileRef = B8386B0C28B43012005428DE /* PruebaUITestsLaunchTests.swift */; };
/* End PBXBuildFile section */

/* Begin PBXContainerItemProxy section */
		B8386AFD28B43012005428DE /* PBXContainerItemProxy */ = {
			isa = PBXContainerItemProxy;
			containerPortal = B8386ADB28B43011005428DE /* Project object */;
			proxyType = 1;
			remoteGlobalIDString = B8386AE228B43011005428DE;
			remoteInfo = Prueba;
		};
		B8386B0728B43012005428DE /* PBXContainerItemProxy */ = {
			isa = PBXContainerItemProxy;
			containerPortal = B8386ADB28B43011005428DE /* Project object */;
			proxyType = 1;
			remoteGlobalIDString = B8386AE228B43011005428DE;
			remoteInfo = Prueba;
		};
/* End PBXContainerItemProxy section */

/* Begin PBXFileReference section */
		B8386AE328B43011005428DE /* Prueba.app */ = {isa = PBXFileReference; explicitFileType = wrapper.application; includeInIndex = 0; path = Prueba.app; sourceTree = BUILT_PRODUCTS_DIR; };
		B8386AE628B43011005428DE /* AppDelegate.swift */ = {isa = PBXFileReference; lastKnownFileType = sourcecode.swift; path = AppDelegate.swift; sourceTree = "<group>"; };
		B8386AE828B43011005428DE /* SceneDelegate.swift */ = {isa = PBXFileReference; lastKnownFileType = sourcecode.swift; path = SceneDelegate.swift; sourceTree = "<group>"; };
		B8386AEA28B43011005428DE /* ViewController.swift */ = {isa = PBXFileReference; lastKnownFileType = sourcecode.swift; path = ViewController.swift; sourceTree = "<group>"; };
		B8386AED28B43011005428DE /* Base */ = {isa = PBXFileReference; lastKnownFileType = file.storyboard; name = Base; path = Base.lproj/Main.storyboard; sourceTree = "<group>"; };
		B8386AF028B43011005428DE /* Prueba.xcdatamodel */ = {isa = PBXFileReference; lastKnownFileType = wrapper.xcdatamodel; path = Prueba.xcdatamodel; sourceTree = "<group>"; };
		B8386AF228B43012005428DE /* Assets.xcassets */ = {isa = PBXFileReference; lastKnownFileType = folder.assetcatalog; path = Assets.xcassets; sourceTree = "<group>"; };
		B8386AF528B43012005428DE /* Base */ = {isa = PBXFileReference; lastKnownFileType = file.storyboard; name = Base; path = Base.lproj/LaunchScreen.storyboard; sourceTree = "<group>"; };
		B8386AF728B43012005428DE /* Info.plist */ = {isa = PBXFileReference; lastKnownFileType = text.plist.xml; path = Info.plist; sourceTree = "<group>"; };
		B8386AFC28B43012005428DE /* PruebaTests.xctest */ = {isa = PBXFileReference; explicitFileType = wrapper.cfbundle; includeInIndex = 0; path = PruebaTests.xctest; sourceTree = BUILT_PRODUCTS_DIR; };
		B8386B0028B43012005428DE /* PruebaTests.swift */ = {isa = PBXFileReference; lastKnownFileType = sourcecode.swift; path = PruebaTests.swift; sourceTree = "<group>"; };
		B8386B0628B43012005428DE /* PruebaUITests.xctest */ = {isa = PBXFileReference; explicitFileType = wrapper.cfbundle; includeInIndex = 0; path = PruebaUITests.xctest; sourceTree = BUILT_PRODUCTS_DIR; };
		B8386B0A28B43012005428DE /* PruebaUITests.swift */ = {isa = PBXFileReference; lastKnownFileType = sourcecode.swift; path = PruebaUITests.swift; sourceTree = "<group>"; };
		B8386B0C28B43012005428DE /* PruebaUITestsLaunchTests.swift */ = {isa = PBXFileReference; lastKnownFileType = sourcecode.swift; path = PruebaUITestsLaunchTests.swift; sourceTree = "<group>"; };
/* End PBXFileReference section */

/* Begin PBXFrameworksBuildPhase section */
		B8386AE028B43011005428DE /* Frameworks */ = {
			isa = PBXFrameworksBuildPhase;
			buildActionMask = 2147483647;
			files = (
			);
			runOnlyForDeploymentPostprocessing = 0;
		};
		B8386AF928B43012005428DE /* Frameworks */ = {
			isa = PBXFrameworksBuildPhase;
			buildActionMask = 2147483647;
			files = (
			);
			runOnlyForDeploymentPostprocessing = 0;
		};
		B8386B0328B43012005428DE /* Frameworks */ = {
			isa = PBXFrameworksBuildPhase;
			buildActionMask = 2147483647;
			files = (
			);
			runOnlyForDeploymentPostprocessing = 0;
		};
/* End PBXFrameworksBuildPhase section */

/* Begin PBXGroup section */
		B8386ADA28B43011005428DE = {
			isa = PBXGroup;
			children = (
				B8386AE528B43011005428DE /* Prueba */,
				B8386AFF28B43012005428DE /* PruebaTests */,
				B8386B0928B43012005428DE /* PruebaUITests */,
				B8386AE428B43011005428DE /* Products */,
			);
			sourceTree = "<group>";
		};
		B8386AE428B43011005428DE /* Products */ = {
			isa = PBXGroup;
			children = (
				B8386AE328B43011005428DE /* Prueba.app */,
				B8386AFC28B43012005428DE /* PruebaTests.xctest */,
				B8386B0628B43012005428DE /* PruebaUITests.xctest */,
			);
			name = Products;
			sourceTree = "<group>";
		};
		B8386AE528B43011005428DE /* Prueba */ = {
			isa = PBXGroup;
			children = (
				B8386AE628B43011005428DE /* AppDelegate.swift */,
				B8386AE828B43011005428DE /* SceneDelegate.swift */,
				B8386AEA28B43011005428DE /* ViewController.swift */,
				B8386AEC28B43011005428DE /* Main.storyboard */,
				B8386AF228B43012005428DE /* Assets.xcassets */,
				B8386AF428B43012005428DE /* LaunchScreen.storyboard */,
				B8386AF728B43012005428DE /* Info.plist */,
				B8386AEF28B43011005428DE /* Prueba.xcdatamodeld */,
			);
			path = Prueba;
			sourceTree = "<group>";
		};
		B8386AFF28B43012005428DE /* PruebaTests */ = {
			isa = PBXGroup;
			children = (
				B8386B0028B43012005428DE /* PruebaTests.swift */,
			);
			path = PruebaTests;
			sourceTree = "<group>";
		};
		B8386B0928B43012005428DE /* PruebaUITests */ = {
			isa = PBXGroup;
			children = (
				B8386B0A28B43012005428DE /* PruebaUITests.swift */,
				B8386B0C28B43012005428DE /* PruebaUITestsLaunchTests.swift */,
			);
			path = PruebaUITests;
			sourceTree = "<group>";
		};
/* End PBXGroup section */

/* Begin PBXNativeTarget section */
		B8386AE228B43011005428DE /* Prueba */ = {
			isa = PBXNativeTarget;
			buildConfigurationList = B8386B1028B43012005428DE /* Build configuration list for PBXNativeTarget "Prueba" */;
			buildPhases = (
				B8386ADF28B43011005428DE /* Sources */,
				B8386AE028B43011005428DE /* Frameworks */,
				B8386AE128B43011005428DE /* Resources */,
			);
			buildRules = (
			);
			dependencies = (
			);
			name = Prueba;
			productName = Prueba;
			productReference = B8386AE328B43011005428DE /* Prueba.app */;
			productType = "com.apple.product-type.application";
		};
		B8386AFB28B43012005428DE /* PruebaTests */ = {
			isa = PBXNativeTarget;
			buildConfigurationList = B8386B1328B43012005428DE /* Build configuration list for PBXNativeTarget "PruebaTests" */;
			buildPhases = (
				B8386AF828B43012005428DE /* Sources */,
				B8386AF928B43012005428DE /* Frameworks */,
				B8386AFA28B43012005428DE /* Resources */,
			);
			buildRules = (
			);
			dependencies = (
				B8386AFE28B43012005428DE /* PBXTargetDependency */,
			);
			name = PruebaTests;
			productName = PruebaTests;
			productReference = B8386AFC28B43012005428DE /* PruebaTests.xctest */;
			productType = "com.apple.product-type.bundle.unit-test";
		};
		B8386B0528B43012005428DE /* PruebaUITests */ = {
			isa = PBXNativeTarget;
			buildConfigurationList = B8386B1628B43012005428DE /* Build configuration list for PBXNativeTarget "PruebaUITests" */;
			buildPhases = (
				B8386B0228B43012005428DE /* Sources */,
				B8386B0328B43012005428DE /* Frameworks */,
				B8386B0428B43012005428DE /* Resources */,
			);
			buildRules = (
			);
			dependencies = (
				B8386B0828B43012005428DE /* PBXTargetDependency */,
			);
			name = PruebaUITests;
			productName = PruebaUITests;
			productReference = B8386B0628B43012005428DE /* PruebaUITests.xctest */;
			productType = "com.apple.product-type.bundle.ui-testing";
		};
/* End PBXNativeTarget section */

/* Begin PBXProject section */
		B8386ADB28B43011005428DE /* Project object */ = {
			isa = PBXProject;
			attributes = {
				BuildIndependentTargetsInParallel = 1;
				LastSwiftUpdateCheck = 1340;
				LastUpgradeCheck = 1340;
				TargetAttributes = {
					B8386AE228B43011005428DE = {
						CreatedOnToolsVersion = 13.4.1;
					};
					B8386AFB28B43012005428DE = {
						CreatedOnToolsVersion = 13.4.1;
						TestTargetID = B8386AE228B43011005428DE;
					};
					B8386B0528B43012005428DE = {
						CreatedOnToolsVersion = 13.4.1;
						TestTargetID = B8386AE228B43011005428DE;
					};
				};
			};
			buildConfigurationList = B8386ADE28B43011005428DE /* Build configuration list for PBXProject "Prueba" */;
			compatibilityVersion = "Xcode 13.0";
			developmentRegion = en;
			hasScannedForEncodings = 0;
			knownRegions = (
				en,
				Base,
			);
			mainGroup = B8386ADA28B43011005428DE;
			productRefGroup = B8386AE428B43011005428DE /* Products */;
			projectDirPath = "";
			projectRoot = "";
			targets = (
				B8386AE228B43011005428DE /* Prueba */,
				B8386AFB28B43012005428DE /* PruebaTests */,
				B8386B0528B43012005428DE /* PruebaUITests */,
			);
		};
/* End PBXProject section */

/* Begin PBXResourcesBuildPhase section */
		B8386AE128B43011005428DE /* Resources */ = {
			isa = PBXResourcesBuildPhase;
			buildActionMask = 2147483647;
			files = (
				B8386AF628B43012005428DE /* LaunchScreen.storyboard in Resources */,
				B8386AF328B43012005428DE /* Assets.xcassets in Resources */,
				B8386AEE28B43011005428DE /* Main.storyboard in Resources */,
			);
			runOnlyForDeploymentPostprocessing = 0;
		};
		B8386AFA28B43012005428DE /* Resources */ = {
			isa = PBXResourcesBuildPhase;
			buildActionMask = 2147483647;
			files = (
			);
			runOnlyForDeploymentPostprocessing = 0;
		};
		B8386B0428B43012005428DE /* Resources */ = {
			isa = PBXResourcesBuildPhase;
			buildActionMask = 2147483647;
			files = (
			);
			runOnlyForDeploymentPostprocessing = 0;
		};
/* End PBXResourcesBuildPhase section */

/* Begin PBXSourcesBuildPhase section */
		B8386ADF28B43011005428DE /* Sources */ = {
			isa = PBXSourcesBuildPhase;
			buildActionMask = 2147483647;
			files = (
				B8386AEB28B43011005428DE /* ViewController.swift in Sources */,
				B8386AE728B43011005428DE /* AppDelegate.swift in Sources */,
				B8386AF128B43011005428DE /* Prueba.xcdatamodeld in Sources */,
				B8386AE928B43011005428DE /* SceneDelegate.swift in Sources */,
			);
			runOnlyForDeploymentPostprocessing = 0;
		};
		B8386AF828B43012005428DE /* Sources */ = {
			isa = PBXSourcesBuildPhase;
			buildActionMask = 2147483647;
			files = (
				B8386B0128B43012005428DE /* PruebaTests.swift in Sources */,
			);
			runOnlyForDeploymentPostprocessing = 0;
		};
		B8386B0228B43012005428DE /* Sources */ = {
			isa = PBXSourcesBuildPhase;
			buildActionMask = 2147483647;
			files = (
				B8386B0B28B43012005428DE /* PruebaUITests.swift in Sources */,
				B8386B0D28B43012005428DE /* PruebaUITestsLaunchTests.swift in Sources */,
			);
			runOnlyForDeploymentPostprocessing = 0;
		};
/* End PBXSourcesBuildPhase section */

/* Begin PBXTargetDependency section */
		B8386AFE28B43012005428DE /* PBXTargetDependency */ = {
			isa = PBXTargetDependency;
			target = B8386AE228B43011005428DE /* Prueba */;
			targetProxy = B8386AFD28B43012005428DE /* PBXContainerItemProxy */;
		};
		B8386B0828B43012005428DE /* PBXTargetDependency */ = {
			isa = PBXTargetDependency;
			target = B8386AE228B43011005428DE /* Prueba */;
			targetProxy = B8386B0728B43012005428DE /* PBXContainerItemProxy */;
		};
/* End PBXTargetDependency section */

/* Begin PBXVariantGroup section */
		B8386AEC28B43011005428DE /* Main.storyboard */ = {
			isa = PBXVariantGroup;
			children = (
				B8386AED28B43011005428DE /* Base */,
			);
			name = Main.storyboard;
			sourceTree = "<group>";
		};
		B8386AF428B43012005428DE /* LaunchScreen.storyboard */ = {
			isa = PBXVariantGroup;
			children = (
				B8386AF528B43012005428DE /* Base */,
			);
			name = LaunchScreen.storyboard;
			sourceTree = "<group>";
		};
/* End PBXVariantGroup section */

/* Begin XCBuildConfiguration section */
		B8386B0E28B43012005428DE /* Debug */ = {
			isa = XCBuildConfiguration;
			buildSettings = {
				ALWAYS_SEARCH_USER_PATHS = NO;
				CLANG_ANALYZER_NONNULL = YES;
				CLANG_ANALYZER_NUMBER_OBJECT_CONVERSION = YES_AGGRESSIVE;
				CLANG_CXX_LANGUAGE_STANDARD = "gnu++17";
				CLANG_ENABLE_MODULES = YES;
				CLANG_ENABLE_OBJC_ARC = YES;
				CLANG_ENABLE_OBJC_WEAK = YES;
				CLANG_WARN_BLOCK_CAPTURE_AUTORELEASING = YES;
				CLANG_WARN_BOOL_CONVERSION = YES;
				CLANG_WARN_COMMA = YES;
				CLANG_WARN_CONSTANT_CONVERSION = YES;
				CLANG_WARN_DEPRECATED_OBJC_IMPLEMENTATIONS = YES;
				CLANG_WARN_DIRECT_OBJC_ISA_USAGE = YES_ERROR;
				CLANG_WARN_DOCUMENTATION_COMMENTS = YES;
				CLANG_WARN_EMPTY_BODY = YES;
				CLANG_WARN_ENUM_CONVERSION = YES;
				CLANG_WARN_INFINITE_RECURSION = YES;
				CLANG_WARN_INT_CONVERSION = YES;
				CLANG_WARN_NON_LITERAL_NULL_CONVERSION = YES;
				CLANG_WARN_OBJC_IMPLICIT_RETAIN_SELF = YES;
				CLANG_WARN_OBJC_LITERAL_CONVERSION = YES;
				CLANG_WARN_OBJC_ROOT_CLASS = YES_ERROR;
				CLANG_WARN_QUOTED_INCLUDE_IN_FRAMEWORK_HEADER = YES;
				CLANG_WARN_RANGE_LOOP_ANALYSIS = YES;
				CLANG_WARN_STRICT_PROTOTYPES = YES;
				CLANG_WARN_SUSPICIOUS_MOVE = YES;
				CLANG_WARN_UNGUARDED_AVAILABILITY = YES_AGGRESSIVE;
				CLANG_WARN_UNREACHABLE_CODE = YES;
				CLANG_WARN__DUPLICATE_METHOD_MATCH = YES;
				COPY_PHASE_STRIP = NO;
				DEBUG_INFORMATION_FORMAT = dwarf;
				ENABLE_STRICT_OBJC_MSGSEND = YES;
				ENABLE_TESTABILITY = YES;
				GCC_C_LANGUAGE_STANDARD = gnu11;
				GCC_DYNAMIC_NO_PIC = NO;
				GCC_NO_COMMON_BLOCKS = YES;
				GCC_OPTIMIZATION_LEVEL = 0;
				GCC_PREPROCESSOR_DEFINITIONS = (
					"DEBUG=1",
					"$(inherited)",
				);
				GCC_WARN_64_TO_32_BIT_CONVERSION = YES;
				GCC_WARN_ABOUT_RETURN_TYPE = YES_ERROR;
				GCC_WARN_UNDECLARED_SELECTOR = YES;
				GCC_WARN_UNINITIALIZED_AUTOS = YES_AGGRESSIVE;
				GCC_WARN_UNUSED_FUNCTION = YES;
				GCC_WARN_UNUSED_VARIABLE = YES;
				IPHONEOS_DEPLOYMENT_TARGET = 15.5;
				MTL_ENABLE_DEBUG_INFO = INCLUDE_SOURCE;
				MTL_FAST_MATH = YES;
				ONLY_ACTIVE_ARCH = YES;
				SDKROOT = iphoneos;
				SWIFT_ACTIVE_COMPILATION_CONDITIONS = DEBUG;
				SWIFT_OPTIMIZATION_LEVEL = "-Onone";
			};
			name = Debug;
		};
		B8386B0F28B43012005428DE /* Release */ = {
			isa = XCBuildConfiguration;
			buildSettings = {
				ALWAYS_SEARCH_USER_PATHS = NO;
				CLANG_ANALYZER_NONNULL = YES;
				CLANG_ANALYZER_NUMBER_OBJECT_CONVERSION = YES_AGGRESSIVE;
				CLANG_CXX_LANGUAGE_STANDARD = "gnu++17";
				CLANG_ENABLE_MODULES = YES;
				CLANG_ENABLE_OBJC_ARC = YES;
				CLANG_ENABLE_OBJC_WEAK = YES;
				CLANG_WARN_BLOCK_CAPTURE_AUTORELEASING = YES;
				CLANG_WARN_BOOL_CONVERSION = YES;
				CLANG_WARN_COMMA = YES;
				CLANG_WARN_CONSTANT_CONVERSION = YES;
				CLANG_WARN_DEPRECATED_OBJC_IMPLEMENTATIONS = YES;
				CLANG_WARN_DIRECT_OBJC_ISA_USAGE = YES_ERROR;
				CLANG_WARN_DOCUMENTATION_COMMENTS = YES;
				CLANG_WARN_EMPTY_BODY = YES;
				CLANG_WARN_ENUM_CONVERSION = YES;
				CLANG_WARN_INFINITE_RECURSION = YES;
				CLANG_WARN_INT_CONVERSION = YES;
				CLANG_WARN_NON_LITERAL_NULL_CONVERSION = YES;
				CLANG_WARN_OBJC_IMPLICIT_RETAIN_SELF = YES;
				CLANG_WARN_OBJC_LITERAL_CONVERSION = YES;
				CLANG_WARN_OBJC_ROOT_CLASS = YES_ERROR;
				CLANG_WARN_QUOTED_INCLUDE_IN_FRAMEWORK_HEADER = YES;
				CLANG_WARN_RANGE_LOOP_ANALYSIS = YES;
				CLANG_WARN_STRICT_PROTOTYPES = YES;
				CLANG_WARN_SUSPICIOUS_MOVE = YES;
				CLANG_WARN_UNGUARDED_AVAILABILITY = YES_AGGRESSIVE;
				CLANG_WARN_UNREACHABLE_CODE = YES;
				CLANG_WARN__DUPLICATE_METHOD_MATCH = YES;
				COPY_PHASE_STRIP = NO;
				DEBUG_INFORMATION_FORMAT = "dwarf-with-dsym";
				ENABLE_NS_ASSERTIONS = NO;
				ENABLE_STRICT_OBJC_MSGSEND = YES;
				GCC_C_LANGUAGE_STANDARD = gnu11;
				GCC_NO_COMMON_BLOCKS = YES;
				GCC_WARN_64_TO_32_BIT_CONVERSION = YES;
				GCC_WARN_ABOUT_RETURN_TYPE = YES_ERROR;
				GCC_WARN_UNDECLARED_SELECTOR = YES;
				GCC_WARN_UNINITIALIZED_AUTOS = YES_AGGRESSIVE;
				GCC_WARN_UNUSED_FUNCTION = YES;
				GCC_WARN_UNUSED_VARIABLE = YES;
				IPHONEOS_DEPLOYMENT_TARGET = 15.5;
				MTL_ENABLE_DEBUG_INFO = NO;
				MTL_FAST_MATH = YES;
				SDKROOT = iphoneos;
				SWIFT_COMPILATION_MODE = wholemodule;
				SWIFT_OPTIMIZATION_LEVEL = "-O";
				VALIDATE_PRODUCT = YES;
			};
			name = Release;
		};
		B8386B1128B43012005428DE /* Debug */ = {
			isa = XCBuildConfiguration;
			buildSettings = {
				ASSETCATALOG_COMPILER_APPICON_NAME = AppIcon;
				ASSETCATALOG_COMPILER_GLOBAL_ACCENT_COLOR_NAME = AccentColor;
				CODE_SIGN_STYLE = Automatic;
				CURRENT_PROJECT_VERSION = 1;
				DEVELOPMENT_TEAM = WD5SN5J5HT;
				GENERATE_INFOPLIST_FILE = YES;
				INFOPLIST_FILE = Prueba/Info.plist;
				INFOPLIST_KEY_UIApplicationSupportsIndirectInputEvents = YES;
				INFOPLIST_KEY_UILaunchStoryboardName = LaunchScreen;
				INFOPLIST_KEY_UIMainStoryboardFile = Main;
				INFOPLIST_KEY_UISupportedInterfaceOrientations_iPad = "UIInterfaceOrientationPortrait UIInterfaceOrientationPortraitUpsideDown UIInterfaceOrientationLandscapeLeft UIInterfaceOrientationLandscapeRight";
				INFOPLIST_KEY_UISupportedInterfaceOrientations_iPhone = "UIInterfaceOrientationPortrait UIInterfaceOrientationLandscapeLeft UIInterfaceOrientationLandscapeRight";
				IPHONEOS_DEPLOYMENT_TARGET = 15.5;
				LD_RUNPATH_SEARCH_PATHS = (
					"$(inherited)",
					"@executable_path/Frameworks",
				);
				MARKETING_VERSION = 1.0;
				PRODUCT_BUNDLE_IDENTIFIER = ArantxaCt.Prueba;
				PRODUCT_NAME = "$(TARGET_NAME)";
				SWIFT_EMIT_LOC_STRINGS = YES;
				SWIFT_VERSION = 5.0;
				TARGETED_DEVICE_FAMILY = "1,2";
			};
			name = Debug;
		};
		B8386B1228B43012005428DE /* Release */ = {
			isa = XCBuildConfiguration;
			buildSettings = {
				ASSETCATALOG_COMPILER_APPICON_NAME = AppIcon;
				ASSETCATALOG_COMPILER_GLOBAL_ACCENT_COLOR_NAME = AccentColor;
				CODE_SIGN_STYLE = Automatic;
				CURRENT_PROJECT_VERSION = 1;
				DEVELOPMENT_TEAM = WD5SN5J5HT;
				GENERATE_INFOPLIST_FILE = YES;
				INFOPLIST_FILE = Prueba/Info.plist;
				INFOPLIST_KEY_UIApplicationSupportsIndirectInputEvents = YES;
				INFOPLIST_KEY_UILaunchStoryboardName = LaunchScreen;
				INFOPLIST_KEY_UIMainStoryboardFile = Main;
				INFOPLIST_KEY_UISupportedInterfaceOrientations_iPad = "UIInterfaceOrientationPortrait UIInterfaceOrientationPortraitUpsideDown UIInterfaceOrientationLandscapeLeft UIInterfaceOrientationLandscapeRight";
				INFOPLIST_KEY_UISupportedInterfaceOrientations_iPhone = "UIInterfaceOrientationPortrait UIInterfaceOrientationLandscapeLeft UIInterfaceOrientationLandscapeRight";
				IPHONEOS_DEPLOYMENT_TARGET = 15.5;
				LD_RUNPATH_SEARCH_PATHS = (
					"$(inherited)",
					"@executable_path/Frameworks",
				);
				MARKETING_VERSION = 1.0;
				PRODUCT_BUNDLE_IDENTIFIER = ArantxaCt.Prueba;
				PRODUCT_NAME = "$(TARGET_NAME)";
				SWIFT_EMIT_LOC_STRINGS = YES;
				SWIFT_VERSION = 5.0;
				TARGETED_DEVICE_FAMILY = "1,2";
			};
			name = Release;
		};
		B8386B1428B43012005428DE /* Debug */ = {
			isa = XCBuildConfiguration;
			buildSettings = {
				ALWAYS_EMBED_SWIFT_STANDARD_LIBRARIES = YES;
				BUNDLE_LOADER = "$(TEST_HOST)";
				CODE_SIGN_STYLE = Automatic;
				CURRENT_PROJECT_VERSION = 1;
				DEVELOPMENT_TEAM = WD5SN5J5HT;
				GENERATE_INFOPLIST_FILE = YES;
				IPHONEOS_DEPLOYMENT_TARGET = 15.5;
				MARKETING_VERSION = 1.0;
				PRODUCT_BUNDLE_IDENTIFIER = ArantxaCt.PruebaTests;
				PRODUCT_NAME = "$(TARGET_NAME)";
				SWIFT_EMIT_LOC_STRINGS = NO;
				SWIFT_VERSION = 5.0;
				TARGETED_DEVICE_FAMILY = "1,2";
				TEST_HOST = "$(BUILT_PRODUCTS_DIR)/Prueba.app/Prueba";
			};
			name = Debug;
		};
		B8386B1528B43012005428DE /* Release */ = {
			isa = XCBuildConfiguration;
			buildSettings = {
				ALWAYS_EMBED_SWIFT_STANDARD_LIBRARIES = YES;
				BUNDLE_LOADER = "$(TEST_HOST)";
				CODE_SIGN_STYLE = Automatic;
				CURRENT_PROJECT_VERSION = 1;
				DEVELOPMENT_TEAM = WD5SN5J5HT;
				GENERATE_INFOPLIST_FILE = YES;
				IPHONEOS_DEPLOYMENT_TARGET = 15.5;
				MARKETING_VERSION = 1.0;
				PRODUCT_BUNDLE_IDENTIFIER = ArantxaCt.PruebaTests;
				PRODUCT_NAME = "$(TARGET_NAME)";
				SWIFT_EMIT_LOC_STRINGS = NO;
				SWIFT_VERSION = 5.0;
				TARGETED_DEVICE_FAMILY = "1,2";
				TEST_HOST = "$(BUILT_PRODUCTS_DIR)/Prueba.app/Prueba";
			};
			name = Release;
		};
		B8386B1728B43012005428DE /* Debug */ = {
			isa = XCBuildConfiguration;
			buildSettings = {
				ALWAYS_EMBED_SWIFT_STANDARD_LIBRARIES = YES;
				CODE_SIGN_STYLE = Automatic;
				CURRENT_PROJECT_VERSION = 1;
				DEVELOPMENT_TEAM = WD5SN5J5HT;
				GENERATE_INFOPLIST_FILE = YES;
				MARKETING_VERSION = 1.0;
				PRODUCT_BUNDLE_IDENTIFIER = ArantxaCt.PruebaUITests;
				PRODUCT_NAME = "$(TARGET_NAME)";
				SWIFT_EMIT_LOC_STRINGS = NO;
				SWIFT_VERSION = 5.0;
				TARGETED_DEVICE_FAMILY = "1,2";
				TEST_TARGET_NAME = Prueba;
			};
			name = Debug;
		};
		B8386B1828B43012005428DE /* Release */ = {
			isa = XCBuildConfiguration;
			buildSettings = {
				ALWAYS_EMBED_SWIFT_STANDARD_LIBRARIES = YES;
				CODE_SIGN_STYLE = Automatic;
				CURRENT_PROJECT_VERSION = 1;
				DEVELOPMENT_TEAM = WD5SN5J5HT;
				GENERATE_INFOPLIST_FILE = YES;
				MARKETING_VERSION = 1.0;
				PRODUCT_BUNDLE_IDENTIFIER = ArantxaCt.PruebaUITests;
				PRODUCT_NAME = "$(TARGET_NAME)";
				SWIFT_EMIT_LOC_STRINGS = NO;
				SWIFT_VERSION = 5.0;
				TARGETED_DEVICE_FAMILY = "1,2";
				TEST_TARGET_NAME = Prueba;
			};
			name = Release;
		};
/* End XCBuildConfiguration section */

/* Begin XCConfigurationList section */
		B8386ADE28B43011005428DE /* Build configuration list for PBXProject "Prueba" */ = {
			isa = XCConfigurationList;
			buildConfigurations = (
				B8386B0E28B43012005428DE /* Debug */,
				B8386B0F28B43012005428DE /* Release */,
			);
			defaultConfigurationIsVisible = 0;
			defaultConfigurationName = Release;
		};
		B8386B1028B43012005428DE /* Build configuration list for PBXNativeTarget "Prueba" */ = {
			isa = XCConfigurationList;
			buildConfigurations = (
				B8386B1128B43012005428DE /* Debug */,
				B8386B1228B43012005428DE /* Release */,
			);
			defaultConfigurationIsVisible = 0;
			defaultConfigurationName = Release;
		};
		B8386B1328B43012005428DE /* Build configuration list for PBXNativeTarget "PruebaTests" */ = {
			isa = XCConfigurationList;
			buildConfigurations = (
				B8386B1428B43012005428DE /* Debug */,
				B8386B1528B43012005428DE /* Release */,
			);
			defaultConfigurationIsVisible = 0;
			defaultConfigurationName = Release;
		};
		B8386B1628B43012005428DE /* Build configuration list for PBXNativeTarget "PruebaUITests" */ = {
			isa = XCConfigurationList;
			buildConfigurations = (
				B8386B1728B43012005428DE /* Debug */,
				B8386B1828B43012005428DE /* Release */,
			);
			defaultConfigurationIsVisible = 0;
			defaultConfigurationName = Release;
		};
/* End XCConfigurationList section */

/* Begin XCVersionGroup section */
		B8386AEF28B43011005428DE /* Prueba.xcdatamodeld */ = {
			isa = XCVersionGroup;
			children = (
				B8386AF028B43011005428DE /* Prueba.xcdatamodel */,
			);
			currentVersion = B8386AF028B43011005428DE /* Prueba.xcdatamodel */;
			path = Prueba.xcdatamodeld;
			sourceTree = "<group>";
			versionGroupType = wrapper.xcdatamodel;
		};
/* End XCVersionGroup section */
	};
	rootObject = B8386ADB28B43011005428DE /* Project object */;
}
